// !$*UTF8*$!
{
	archiveVersion = 1;
	classes = {
	};
	objectVersion = 55;
	objects = {

/* Begin PBXBuildFile section */
		7FEFC31F2070D4F2A403E478 /* Pods_MVVMWithUnitTestingTests.framework in Frameworks */ = {isa = PBXBuildFile; fileRef = 690D1724A7F9379B78F5D05F /* Pods_MVVMWithUnitTestingTests.framework */; };
		BD35FF1F2755091700B86F36 /* AppDelegate.swift in Sources */ = {isa = PBXBuildFile; fileRef = BD35FF1E2755091700B86F36 /* AppDelegate.swift */; };
		BD35FF212755091700B86F36 /* SceneDelegate.swift in Sources */ = {isa = PBXBuildFile; fileRef = BD35FF202755091700B86F36 /* SceneDelegate.swift */; };
		BD35FF262755091700B86F36 /* Main.storyboard in Resources */ = {isa = PBXBuildFile; fileRef = BD35FF242755091700B86F36 /* Main.storyboard */; };
		BD35FF282755091900B86F36 /* Assets.xcassets in Resources */ = {isa = PBXBuildFile; fileRef = BD35FF272755091900B86F36 /* Assets.xcassets */; };
		BD35FF2B2755091900B86F36 /* LaunchScreen.storyboard in Resources */ = {isa = PBXBuildFile; fileRef = BD35FF292755091900B86F36 /* LaunchScreen.storyboard */; };
		BD35FF362755091900B86F36 /* MVVMWithUnitTestingTests.swift in Sources */ = {isa = PBXBuildFile; fileRef = BD35FF352755091900B86F36 /* MVVMWithUnitTestingTests.swift */; };
		BD35FF402755091900B86F36 /* MVVMWithUnitTestingUITests.swift in Sources */ = {isa = PBXBuildFile; fileRef = BD35FF3F2755091900B86F36 /* MVVMWithUnitTestingUITests.swift */; };
		BD35FF422755091900B86F36 /* MVVMWithUnitTestingUITestsLaunchTests.swift in Sources */ = {isa = PBXBuildFile; fileRef = BD35FF412755091900B86F36 /* MVVMWithUnitTestingUITestsLaunchTests.swift */; };
		BD529D5E2756612300F59569 /* SplashVC.swift in Sources */ = {isa = PBXBuildFile; fileRef = BD529D5D2756612300F59569 /* SplashVC.swift */; };
		BD529D69275664E600F59569 /* LoginVC.swift in Sources */ = {isa = PBXBuildFile; fileRef = BD529D68275664E600F59569 /* LoginVC.swift */; };
		BD529D6B275686DC00F59569 /* LoginViewModel.swift in Sources */ = {isa = PBXBuildFile; fileRef = BD529D6A275686DC00F59569 /* LoginViewModel.swift */; };
		BD529D6E2756878200F59569 /* APIService.swift in Sources */ = {isa = PBXBuildFile; fileRef = BD529D6D2756878200F59569 /* APIService.swift */; };
		BD529D7227568BD900F59569 /* WebServicesManager.swift in Sources */ = {isa = PBXBuildFile; fileRef = BD529D7127568BD900F59569 /* WebServicesManager.swift */; };
		BD529D7427568E9900F59569 /* UserModel.swift in Sources */ = {isa = PBXBuildFile; fileRef = BD529D7327568E9900F59569 /* UserModel.swift */; };
		C6228707C4D76FA26911D79A /* Pods_MVVMWithUnitTesting.framework in Frameworks */ = {isa = PBXBuildFile; fileRef = 3E82A08C9247C4EE7D1E9FFA /* Pods_MVVMWithUnitTesting.framework */; };
		EAE2C95A3B04CC1C9204F09E /* Pods_MVVMWithUnitTesting_MVVMWithUnitTestingUITests.framework in Frameworks */ = {isa = PBXBuildFile; fileRef = F254B9FE53A822FF6A0C23CC /* Pods_MVVMWithUnitTesting_MVVMWithUnitTestingUITests.framework */; };
/* End PBXBuildFile section */

/* Begin PBXContainerItemProxy section */
		BD35FF322755091900B86F36 /* PBXContainerItemProxy */ = {
			isa = PBXContainerItemProxy;
			containerPortal = BD35FF132755091700B86F36 /* Project object */;
			proxyType = 1;
			remoteGlobalIDString = BD35FF1A2755091700B86F36;
			remoteInfo = MVVMWithUnitTesting;
		};
		BD35FF3C2755091900B86F36 /* PBXContainerItemProxy */ = {
			isa = PBXContainerItemProxy;
			containerPortal = BD35FF132755091700B86F36 /* Project object */;
			proxyType = 1;
			remoteGlobalIDString = BD35FF1A2755091700B86F36;
			remoteInfo = MVVMWithUnitTesting;
		};
/* End PBXContainerItemProxy section */

/* Begin PBXFileReference section */
		0F398E2B838ADAF0C7ECC0BE /* Pods-MVVMWithUnitTesting.debug.xcconfig */ = {isa = PBXFileReference; includeInIndex = 1; lastKnownFileType = text.xcconfig; name = "Pods-MVVMWithUnitTesting.debug.xcconfig"; path = "Target Support Files/Pods-MVVMWithUnitTesting/Pods-MVVMWithUnitTesting.debug.xcconfig"; sourceTree = "<group>"; };
		3E82A08C9247C4EE7D1E9FFA /* Pods_MVVMWithUnitTesting.framework */ = {isa = PBXFileReference; explicitFileType = wrapper.framework; includeInIndex = 0; path = Pods_MVVMWithUnitTesting.framework; sourceTree = BUILT_PRODUCTS_DIR; };
		4497B3CC523B743D9A8B5BA6 /* Pods-MVVMWithUnitTesting-MVVMWithUnitTestingUITests.debug.xcconfig */ = {isa = PBXFileReference; includeInIndex = 1; lastKnownFileType = text.xcconfig; name = "Pods-MVVMWithUnitTesting-MVVMWithUnitTestingUITests.debug.xcconfig"; path = "Target Support Files/Pods-MVVMWithUnitTesting-MVVMWithUnitTestingUITests/Pods-MVVMWithUnitTesting-MVVMWithUnitTestingUITests.debug.xcconfig"; sourceTree = "<group>"; };
		552198F3635EA1EC15B0D735 /* Pods-MVVMWithUnitTestingTests.debug.xcconfig */ = {isa = PBXFileReference; includeInIndex = 1; lastKnownFileType = text.xcconfig; name = "Pods-MVVMWithUnitTestingTests.debug.xcconfig"; path = "Target Support Files/Pods-MVVMWithUnitTestingTests/Pods-MVVMWithUnitTestingTests.debug.xcconfig"; sourceTree = "<group>"; };
		690D1724A7F9379B78F5D05F /* Pods_MVVMWithUnitTestingTests.framework */ = {isa = PBXFileReference; explicitFileType = wrapper.framework; includeInIndex = 0; path = Pods_MVVMWithUnitTestingTests.framework; sourceTree = BUILT_PRODUCTS_DIR; };
		844F007B02402CF19F38E269 /* Pods-MVVMWithUnitTestingTests.release.xcconfig */ = {isa = PBXFileReference; includeInIndex = 1; lastKnownFileType = text.xcconfig; name = "Pods-MVVMWithUnitTestingTests.release.xcconfig"; path = "Target Support Files/Pods-MVVMWithUnitTestingTests/Pods-MVVMWithUnitTestingTests.release.xcconfig"; sourceTree = "<group>"; };
		B5AE5408E34D3421199494BF /* Pods-MVVMWithUnitTesting.release.xcconfig */ = {isa = PBXFileReference; includeInIndex = 1; lastKnownFileType = text.xcconfig; name = "Pods-MVVMWithUnitTesting.release.xcconfig"; path = "Target Support Files/Pods-MVVMWithUnitTesting/Pods-MVVMWithUnitTesting.release.xcconfig"; sourceTree = "<group>"; };
		BD35FF1B2755091700B86F36 /* MVVMWithUnitTesting.app */ = {isa = PBXFileReference; explicitFileType = wrapper.application; includeInIndex = 0; path = MVVMWithUnitTesting.app; sourceTree = BUILT_PRODUCTS_DIR; };
		BD35FF1E2755091700B86F36 /* AppDelegate.swift */ = {isa = PBXFileReference; lastKnownFileType = sourcecode.swift; path = AppDelegate.swift; sourceTree = "<group>"; };
		BD35FF202755091700B86F36 /* SceneDelegate.swift */ = {isa = PBXFileReference; lastKnownFileType = sourcecode.swift; path = SceneDelegate.swift; sourceTree = "<group>"; };
		BD35FF252755091700B86F36 /* Base */ = {isa = PBXFileReference; lastKnownFileType = file.storyboard; name = Base; path = Base.lproj/Main.storyboard; sourceTree = "<group>"; };
		BD35FF272755091900B86F36 /* Assets.xcassets */ = {isa = PBXFileReference; lastKnownFileType = folder.assetcatalog; path = Assets.xcassets; sourceTree = "<group>"; };
		BD35FF2A2755091900B86F36 /* Base */ = {isa = PBXFileReference; lastKnownFileType = file.storyboard; name = Base; path = Base.lproj/LaunchScreen.storyboard; sourceTree = "<group>"; };
		BD35FF2C2755091900B86F36 /* Info.plist */ = {isa = PBXFileReference; lastKnownFileType = text.plist.xml; path = Info.plist; sourceTree = "<group>"; };
		BD35FF312755091900B86F36 /* MVVMWithUnitTestingTests.xctest */ = {isa = PBXFileReference; explicitFileType = wrapper.cfbundle; includeInIndex = 0; path = MVVMWithUnitTestingTests.xctest; sourceTree = BUILT_PRODUCTS_DIR; };
		BD35FF352755091900B86F36 /* MVVMWithUnitTestingTests.swift */ = {isa = PBXFileReference; lastKnownFileType = sourcecode.swift; path = MVVMWithUnitTestingTests.swift; sourceTree = "<group>"; };
		BD35FF3B2755091900B86F36 /* MVVMWithUnitTestingUITests.xctest */ = {isa = PBXFileReference; explicitFileType = wrapper.cfbundle; includeInIndex = 0; path = MVVMWithUnitTestingUITests.xctest; sourceTree = BUILT_PRODUCTS_DIR; };
		BD35FF3F2755091900B86F36 /* MVVMWithUnitTestingUITests.swift */ = {isa = PBXFileReference; lastKnownFileType = sourcecode.swift; path = MVVMWithUnitTestingUITests.swift; sourceTree = "<group>"; };
		BD35FF412755091900B86F36 /* MVVMWithUnitTestingUITestsLaunchTests.swift */ = {isa = PBXFileReference; lastKnownFileType = sourcecode.swift; path = MVVMWithUnitTestingUITestsLaunchTests.swift; sourceTree = "<group>"; };
		BD529D5D2756612300F59569 /* SplashVC.swift */ = {isa = PBXFileReference; fileEncoding = 4; lastKnownFileType = sourcecode.swift; path = SplashVC.swift; sourceTree = "<group>"; };
		BD529D68275664E600F59569 /* LoginVC.swift */ = {isa = PBXFileReference; lastKnownFileType = sourcecode.swift; path = LoginVC.swift; sourceTree = "<group>"; };
		BD529D6A275686DC00F59569 /* LoginViewModel.swift */ = {isa = PBXFileReference; lastKnownFileType = sourcecode.swift; path = LoginViewModel.swift; sourceTree = "<group>"; };
		BD529D6D2756878200F59569 /* APIService.swift */ = {isa = PBXFileReference; lastKnownFileType = sourcecode.swift; path = APIService.swift; sourceTree = "<group>"; };
		BD529D7127568BD900F59569 /* WebServicesManager.swift */ = {isa = PBXFileReference; lastKnownFileType = sourcecode.swift; path = WebServicesManager.swift; sourceTree = "<group>"; };
		BD529D7327568E9900F59569 /* UserModel.swift */ = {isa = PBXFileReference; fileEncoding = 4; lastKnownFileType = sourcecode.swift; path = UserModel.swift; sourceTree = "<group>"; };
		DD4DB65C3631591185723519 /* Pods-MVVMWithUnitTesting-MVVMWithUnitTestingUITests.release.xcconfig */ = {isa = PBXFileReference; includeInIndex = 1; lastKnownFileType = text.xcconfig; name = "Pods-MVVMWithUnitTesting-MVVMWithUnitTestingUITests.release.xcconfig"; path = "Target Support Files/Pods-MVVMWithUnitTesting-MVVMWithUnitTestingUITests/Pods-MVVMWithUnitTesting-MVVMWithUnitTestingUITests.release.xcconfig"; sourceTree = "<group>"; };
		F254B9FE53A822FF6A0C23CC /* Pods_MVVMWithUnitTesting_MVVMWithUnitTestingUITests.framework */ = {isa = PBXFileReference; explicitFileType = wrapper.framework; includeInIndex = 0; path = Pods_MVVMWithUnitTesting_MVVMWithUnitTestingUITests.framework; sourceTree = BUILT_PRODUCTS_DIR; };
/* End PBXFileReference section */

/* Begin PBXFrameworksBuildPhase section */
		BD35FF182755091700B86F36 /* Frameworks */ = {
			isa = PBXFrameworksBuildPhase;
			buildActionMask = 2147483647;
			files = (
				C6228707C4D76FA26911D79A /* Pods_MVVMWithUnitTesting.framework in Frameworks */,
			);
			runOnlyForDeploymentPostprocessing = 0;
		};
		BD35FF2E2755091900B86F36 /* Frameworks */ = {
			isa = PBXFrameworksBuildPhase;
			buildActionMask = 2147483647;
			files = (
				7FEFC31F2070D4F2A403E478 /* Pods_MVVMWithUnitTestingTests.framework in Frameworks */,
			);
			runOnlyForDeploymentPostprocessing = 0;
		};
		BD35FF382755091900B86F36 /* Frameworks */ = {
			isa = PBXFrameworksBuildPhase;
			buildActionMask = 2147483647;
			files = (
				EAE2C95A3B04CC1C9204F09E /* Pods_MVVMWithUnitTesting_MVVMWithUnitTestingUITests.framework in Frameworks */,
			);
			runOnlyForDeploymentPostprocessing = 0;
		};
/* End PBXFrameworksBuildPhase section */

/* Begin PBXGroup section */
		016AEF6BC233CDA1D4EF86C6 /* Pods */ = {
			isa = PBXGroup;
			children = (
				0F398E2B838ADAF0C7ECC0BE /* Pods-MVVMWithUnitTesting.debug.xcconfig */,
				B5AE5408E34D3421199494BF /* Pods-MVVMWithUnitTesting.release.xcconfig */,
				4497B3CC523B743D9A8B5BA6 /* Pods-MVVMWithUnitTesting-MVVMWithUnitTestingUITests.debug.xcconfig */,
				DD4DB65C3631591185723519 /* Pods-MVVMWithUnitTesting-MVVMWithUnitTestingUITests.release.xcconfig */,
				552198F3635EA1EC15B0D735 /* Pods-MVVMWithUnitTestingTests.debug.xcconfig */,
				844F007B02402CF19F38E269 /* Pods-MVVMWithUnitTestingTests.release.xcconfig */,
			);
			path = Pods;
			sourceTree = "<group>";
		};
		4996FD403490156B5D653EFE /* Frameworks */ = {
			isa = PBXGroup;
			children = (
				3E82A08C9247C4EE7D1E9FFA /* Pods_MVVMWithUnitTesting.framework */,
				F254B9FE53A822FF6A0C23CC /* Pods_MVVMWithUnitTesting_MVVMWithUnitTestingUITests.framework */,
				690D1724A7F9379B78F5D05F /* Pods_MVVMWithUnitTestingTests.framework */,
			);
			name = Frameworks;
			sourceTree = "<group>";
		};
		BD35FF122755091700B86F36 = {
			isa = PBXGroup;
			children = (
				BD35FF1D2755091700B86F36 /* MVVMWithUnitTesting */,
				BD35FF342755091900B86F36 /* MVVMWithUnitTestingTests */,
				BD35FF3E2755091900B86F36 /* MVVMWithUnitTestingUITests */,
				BD35FF1C2755091700B86F36 /* Products */,
				016AEF6BC233CDA1D4EF86C6 /* Pods */,
				4996FD403490156B5D653EFE /* Frameworks */,
			);
			sourceTree = "<group>";
		};
		BD35FF1C2755091700B86F36 /* Products */ = {
			isa = PBXGroup;
			children = (
				BD35FF1B2755091700B86F36 /* MVVMWithUnitTesting.app */,
				BD35FF312755091900B86F36 /* MVVMWithUnitTestingTests.xctest */,
				BD35FF3B2755091900B86F36 /* MVVMWithUnitTestingUITests.xctest */,
			);
			name = Products;
			sourceTree = "<group>";
		};
		BD35FF1D2755091700B86F36 /* MVVMWithUnitTesting */ = {
			isa = PBXGroup;
			children = (
				BD529D6C2756870400F59569 /* APIManagers */,
				BD529D63275662B500F59569 /* MVVM */,
				BD529D602756621800F59569 /* AppControllerManager */,
				BD529D612756624A00F59569 /* Storyboards */,
				BD529D622756625C00F59569 /* Supporting Files */,
			);
			path = MVVMWithUnitTesting;
			sourceTree = "<group>";
		};
		BD35FF342755091900B86F36 /* MVVMWithUnitTestingTests */ = {
			isa = PBXGroup;
			children = (
				BD35FF352755091900B86F36 /* MVVMWithUnitTestingTests.swift */,
			);
			path = MVVMWithUnitTestingTests;
			sourceTree = "<group>";
		};
		BD35FF3E2755091900B86F36 /* MVVMWithUnitTestingUITests */ = {
			isa = PBXGroup;
			children = (
				BD35FF3F2755091900B86F36 /* MVVMWithUnitTestingUITests.swift */,
				BD35FF412755091900B86F36 /* MVVMWithUnitTestingUITestsLaunchTests.swift */,
			);
			path = MVVMWithUnitTestingUITests;
			sourceTree = "<group>";
		};
		BD529D5C2756612300F59569 /* Splash */ = {
			isa = PBXGroup;
			children = (
				BD529D5D2756612300F59569 /* SplashVC.swift */,
			);
			path = Splash;
			sourceTree = "<group>";
		};
		BD529D602756621800F59569 /* AppControllerManager */ = {
			isa = PBXGroup;
			children = (
				BD35FF1E2755091700B86F36 /* AppDelegate.swift */,
				BD35FF202755091700B86F36 /* SceneDelegate.swift */,
			);
			path = AppControllerManager;
			sourceTree = "<group>";
		};
		BD529D612756624A00F59569 /* Storyboards */ = {
			isa = PBXGroup;
			children = (
				BD35FF242755091700B86F36 /* Main.storyboard */,
				BD35FF292755091900B86F36 /* LaunchScreen.storyboard */,
			);
			path = Storyboards;
			sourceTree = "<group>";
		};
		BD529D622756625C00F59569 /* Supporting Files */ = {
			isa = PBXGroup;
			children = (
				BD35FF272755091900B86F36 /* Assets.xcassets */,
				BD35FF2C2755091900B86F36 /* Info.plist */,
			);
			path = "Supporting Files";
			sourceTree = "<group>";
		};
		BD529D63275662B500F59569 /* MVVM */ = {
			isa = PBXGroup;
			children = (
				BD529D66275662E200F59569 /* ViewModels */,
				BD529D65275662D300F59569 /* ViewControllers */,
				BD529D64275662C300F59569 /* Model */,
			);
			path = MVVM;
			sourceTree = "<group>";
		};
		BD529D64275662C300F59569 /* Model */ = {
			isa = PBXGroup;
			children = (
				BD529D7327568E9900F59569 /* UserModel.swift */,
			);
			path = Model;
			sourceTree = "<group>";
		};
		BD529D65275662D300F59569 /* ViewControllers */ = {
			isa = PBXGroup;
			children = (
				BD529D67275664C900F59569 /* Login */,
				BD529D5C2756612300F59569 /* Splash */,
			);
			path = ViewControllers;
			sourceTree = "<group>";
		};
		BD529D66275662E200F59569 /* ViewModels */ = {
			isa = PBXGroup;
			children = (
				BD529D6A275686DC00F59569 /* LoginViewModel.swift */,
			);
			path = ViewModels;
			sourceTree = "<group>";
		};
		BD529D67275664C900F59569 /* Login */ = {
			isa = PBXGroup;
			children = (
				BD529D68275664E600F59569 /* LoginVC.swift */,
			);
			path = Login;
			sourceTree = "<group>";
		};
		BD529D6C2756870400F59569 /* APIManagers */ = {
			isa = PBXGroup;
			children = (
				BD529D6D2756878200F59569 /* APIService.swift */,
				BD529D7127568BD900F59569 /* WebServicesManager.swift */,
			);
			path = APIManagers;
			sourceTree = "<group>";
		};
/* End PBXGroup section */

/* Begin PBXNativeTarget section */
		BD35FF1A2755091700B86F36 /* MVVMWithUnitTesting */ = {
			isa = PBXNativeTarget;
			buildConfigurationList = BD35FF452755091900B86F36 /* Build configuration list for PBXNativeTarget "MVVMWithUnitTesting" */;
			buildPhases = (
				544E40BC5CD317D734A5D850 /* [CP] Check Pods Manifest.lock */,
				BD35FF172755091700B86F36 /* Sources */,
				BD35FF182755091700B86F36 /* Frameworks */,
				BD35FF192755091700B86F36 /* Resources */,
				0FBA967DC853677F9E1099E5 /* [CP] Embed Pods Frameworks */,
			);
			buildRules = (
			);
			dependencies = (
			);
			name = MVVMWithUnitTesting;
			productName = MVVMWithUnitTesting;
			productReference = BD35FF1B2755091700B86F36 /* MVVMWithUnitTesting.app */;
			productType = "com.apple.product-type.application";
		};
		BD35FF302755091900B86F36 /* MVVMWithUnitTestingTests */ = {
			isa = PBXNativeTarget;
			buildConfigurationList = BD35FF482755091900B86F36 /* Build configuration list for PBXNativeTarget "MVVMWithUnitTestingTests" */;
			buildPhases = (
				B7BA10F434C69D3694817532 /* [CP] Check Pods Manifest.lock */,
				BD35FF2D2755091900B86F36 /* Sources */,
				BD35FF2E2755091900B86F36 /* Frameworks */,
				BD35FF2F2755091900B86F36 /* Resources */,
			);
			buildRules = (
			);
			dependencies = (
				BD35FF332755091900B86F36 /* PBXTargetDependency */,
			);
			name = MVVMWithUnitTestingTests;
			productName = MVVMWithUnitTestingTests;
			productReference = BD35FF312755091900B86F36 /* MVVMWithUnitTestingTests.xctest */;
			productType = "com.apple.product-type.bundle.unit-test";
		};
		BD35FF3A2755091900B86F36 /* MVVMWithUnitTestingUITests */ = {
			isa = PBXNativeTarget;
			buildConfigurationList = BD35FF4B2755091900B86F36 /* Build configuration list for PBXNativeTarget "MVVMWithUnitTestingUITests" */;
			buildPhases = (
				F341646CDAD8829170922C94 /* [CP] Check Pods Manifest.lock */,
				BD35FF372755091900B86F36 /* Sources */,
				BD35FF382755091900B86F36 /* Frameworks */,
				BD35FF392755091900B86F36 /* Resources */,
				061378DE5365824D67433907 /* [CP] Embed Pods Frameworks */,
			);
			buildRules = (
			);
			dependencies = (
				BD35FF3D2755091900B86F36 /* PBXTargetDependency */,
			);
			name = MVVMWithUnitTestingUITests;
			productName = MVVMWithUnitTestingUITests;
			productReference = BD35FF3B2755091900B86F36 /* MVVMWithUnitTestingUITests.xctest */;
			productType = "com.apple.product-type.bundle.ui-testing";
		};
/* End PBXNativeTarget section */

/* Begin PBXProject section */
		BD35FF132755091700B86F36 /* Project object */ = {
			isa = PBXProject;
			attributes = {
				BuildIndependentTargetsInParallel = 1;
				LastSwiftUpdateCheck = 1310;
				LastUpgradeCheck = 1310;
				TargetAttributes = {
					BD35FF1A2755091700B86F36 = {
						CreatedOnToolsVersion = 13.1;
					};
					BD35FF302755091900B86F36 = {
						CreatedOnToolsVersion = 13.1;
						TestTargetID = BD35FF1A2755091700B86F36;
					};
					BD35FF3A2755091900B86F36 = {
						CreatedOnToolsVersion = 13.1;
						TestTargetID = BD35FF1A2755091700B86F36;
					};
				};
			};
			buildConfigurationList = BD35FF162755091700B86F36 /* Build configuration list for PBXProject "MVVMWithUnitTesting" */;
			compatibilityVersion = "Xcode 13.0";
			developmentRegion = en;
			hasScannedForEncodings = 0;
			knownRegions = (
				en,
				Base,
			);
			mainGroup = BD35FF122755091700B86F36;
			productRefGroup = BD35FF1C2755091700B86F36 /* Products */;
			projectDirPath = "";
			projectRoot = "";
			targets = (
				BD35FF1A2755091700B86F36 /* MVVMWithUnitTesting */,
				BD35FF302755091900B86F36 /* MVVMWithUnitTestingTests */,
				BD35FF3A2755091900B86F36 /* MVVMWithUnitTestingUITests */,
			);
		};
/* End PBXProject section */

/* Begin PBXResourcesBuildPhase section */
		BD35FF192755091700B86F36 /* Resources */ = {
			isa = PBXResourcesBuildPhase;
			buildActionMask = 2147483647;
			files = (
				BD35FF2B2755091900B86F36 /* LaunchScreen.storyboard in Resources */,
				BD35FF282755091900B86F36 /* Assets.xcassets in Resources */,
				BD35FF262755091700B86F36 /* Main.storyboard in Resources */,
			);
			runOnlyForDeploymentPostprocessing = 0;
		};
		BD35FF2F2755091900B86F36 /* Resources */ = {
			isa = PBXResourcesBuildPhase;
			buildActionMask = 2147483647;
			files = (
			);
			runOnlyForDeploymentPostprocessing = 0;
		};
		BD35FF392755091900B86F36 /* Resources */ = {
			isa = PBXResourcesBuildPhase;
			buildActionMask = 2147483647;
			files = (
			);
			runOnlyForDeploymentPostprocessing = 0;
		};
/* End PBXResourcesBuildPhase section */

/* Begin PBXShellScriptBuildPhase section */
		061378DE5365824D67433907 /* [CP] Embed Pods Frameworks */ = {
			isa = PBXShellScriptBuildPhase;
			buildActionMask = 2147483647;
			files = (
			);
			inputFileListPaths = (
				"${PODS_ROOT}/Target Support Files/Pods-MVVMWithUnitTesting-MVVMWithUnitTestingUITests/Pods-MVVMWithUnitTesting-MVVMWithUnitTestingUITests-frameworks-${CONFIGURATION}-input-files.xcfilelist",
			);
			name = "[CP] Embed Pods Frameworks";
			outputFileListPaths = (
				"${PODS_ROOT}/Target Support Files/Pods-MVVMWithUnitTesting-MVVMWithUnitTestingUITests/Pods-MVVMWithUnitTesting-MVVMWithUnitTestingUITests-frameworks-${CONFIGURATION}-output-files.xcfilelist",
			);
			runOnlyForDeploymentPostprocessing = 0;
			shellPath = /bin/sh;
			shellScript = "\"${PODS_ROOT}/Target Support Files/Pods-MVVMWithUnitTesting-MVVMWithUnitTestingUITests/Pods-MVVMWithUnitTesting-MVVMWithUnitTestingUITests-frameworks.sh\"\n";
			showEnvVarsInLog = 0;
		};
		0FBA967DC853677F9E1099E5 /* [CP] Embed Pods Frameworks */ = {
			isa = PBXShellScriptBuildPhase;
			buildActionMask = 2147483647;
			files = (
			);
			inputFileListPaths = (
				"${PODS_ROOT}/Target Support Files/Pods-MVVMWithUnitTesting/Pods-MVVMWithUnitTesting-frameworks-${CONFIGURATION}-input-files.xcfilelist",
			);
			name = "[CP] Embed Pods Frameworks";
			outputFileListPaths = (
				"${PODS_ROOT}/Target Support Files/Pods-MVVMWithUnitTesting/Pods-MVVMWithUnitTesting-frameworks-${CONFIGURATION}-output-files.xcfilelist",
			);
			runOnlyForDeploymentPostprocessing = 0;
			shellPath = /bin/sh;
			shellScript = "\"${PODS_ROOT}/Target Support Files/Pods-MVVMWithUnitTesting/Pods-MVVMWithUnitTesting-frameworks.sh\"\n";
			showEnvVarsInLog = 0;
		};
		544E40BC5CD317D734A5D850 /* [CP] Check Pods Manifest.lock */ = {
			isa = PBXShellScriptBuildPhase;
			buildActionMask = 2147483647;
			files = (
			);
			inputFileListPaths = (
			);
			inputPaths = (
				"${PODS_PODFILE_DIR_PATH}/Podfile.lock",
				"${PODS_ROOT}/Manifest.lock",
			);
			name = "[CP] Check Pods Manifest.lock";
			outputFileListPaths = (
			);
			outputPaths = (
				"$(DERIVED_FILE_DIR)/Pods-MVVMWithUnitTesting-checkManifestLockResult.txt",
			);
			runOnlyForDeploymentPostprocessing = 0;
			shellPath = /bin/sh;
			shellScript = "diff \"${PODS_PODFILE_DIR_PATH}/Podfile.lock\" \"${PODS_ROOT}/Manifest.lock\" > /dev/null\nif [ $? != 0 ] ; then\n    # print error to STDERR\n    echo \"error: The sandbox is not in sync with the Podfile.lock. Run 'pod install' or update your CocoaPods installation.\" >&2\n    exit 1\nfi\n# This output is used by Xcode 'outputs' to avoid re-running this script phase.\necho \"SUCCESS\" > \"${SCRIPT_OUTPUT_FILE_0}\"\n";
			showEnvVarsInLog = 0;
		};
		B7BA10F434C69D3694817532 /* [CP] Check Pods Manifest.lock */ = {
			isa = PBXShellScriptBuildPhase;
			buildActionMask = 2147483647;
			files = (
			);
			inputFileListPaths = (
			);
			inputPaths = (
				"${PODS_PODFILE_DIR_PATH}/Podfile.lock",
				"${PODS_ROOT}/Manifest.lock",
			);
			name = "[CP] Check Pods Manifest.lock";
			outputFileListPaths = (
			);
			outputPaths = (
				"$(DERIVED_FILE_DIR)/Pods-MVVMWithUnitTestingTests-checkManifestLockResult.txt",
			);
			runOnlyForDeploymentPostprocessing = 0;
			shellPath = /bin/sh;
			shellScript = "diff \"${PODS_PODFILE_DIR_PATH}/Podfile.lock\" \"${PODS_ROOT}/Manifest.lock\" > /dev/null\nif [ $? != 0 ] ; then\n    # print error to STDERR\n    echo \"error: The sandbox is not in sync with the Podfile.lock. Run 'pod install' or update your CocoaPods installation.\" >&2\n    exit 1\nfi\n# This output is used by Xcode 'outputs' to avoid re-running this script phase.\necho \"SUCCESS\" > \"${SCRIPT_OUTPUT_FILE_0}\"\n";
			showEnvVarsInLog = 0;
		};
		F341646CDAD8829170922C94 /* [CP] Check Pods Manifest.lock */ = {
			isa = PBXShellScriptBuildPhase;
			buildActionMask = 2147483647;
			files = (
			);
			inputFileListPaths = (
			);
			inputPaths = (
				"${PODS_PODFILE_DIR_PATH}/Podfile.lock",
				"${PODS_ROOT}/Manifest.lock",
			);
			name = "[CP] Check Pods Manifest.lock";
			outputFileListPaths = (
			);
			outputPaths = (
				"$(DERIVED_FILE_DIR)/Pods-MVVMWithUnitTesting-MVVMWithUnitTestingUITests-checkManifestLockResult.txt",
			);
			runOnlyForDeploymentPostprocessing = 0;
			shellPath = /bin/sh;
			shellScript = "diff \"${PODS_PODFILE_DIR_PATH}/Podfile.lock\" \"${PODS_ROOT}/Manifest.lock\" > /dev/null\nif [ $? != 0 ] ; then\n    # print error to STDERR\n    echo \"error: The sandbox is not in sync with the Podfile.lock. Run 'pod install' or update your CocoaPods installation.\" >&2\n    exit 1\nfi\n# This output is used by Xcode 'outputs' to avoid re-running this script phase.\necho \"SUCCESS\" > \"${SCRIPT_OUTPUT_FILE_0}\"\n";
			showEnvVarsInLog = 0;
		};
/* End PBXShellScriptBuildPhase section */

/* Begin PBXSourcesBuildPhase section */
		BD35FF172755091700B86F36 /* Sources */ = {
			isa = PBXSourcesBuildPhase;
			buildActionMask = 2147483647;
			files = (
				BD529D5E2756612300F59569 /* SplashVC.swift in Sources */,
				BD529D7227568BD900F59569 /* WebServicesManager.swift in Sources */,
				BD529D7427568E9900F59569 /* UserModel.swift in Sources */,
				BD35FF1F2755091700B86F36 /* AppDelegate.swift in Sources */,
				BD529D69275664E600F59569 /* LoginVC.swift in Sources */,
				BD529D6B275686DC00F59569 /* LoginViewModel.swift in Sources */,
				BD529D6E2756878200F59569 /* APIService.swift in Sources */,
				BD35FF212755091700B86F36 /* SceneDelegate.swift in Sources */,
			);
			runOnlyForDeploymentPostprocessing = 0;
		};
		BD35FF2D2755091900B86F36 /* Sources */ = {
			isa = PBXSourcesBuildPhase;
			buildActionMask = 2147483647;
			files = (
				BD35FF362755091900B86F36 /* MVVMWithUnitTestingTests.swift in Sources */,
			);
			runOnlyForDeploymentPostprocessing = 0;
		};
		BD35FF372755091900B86F36 /* Sources */ = {
			isa = PBXSourcesBuildPhase;
			buildActionMask = 2147483647;
			files = (
				BD35FF402755091900B86F36 /* MVVMWithUnitTestingUITests.swift in Sources */,
				BD35FF422755091900B86F36 /* MVVMWithUnitTestingUITestsLaunchTests.swift in Sources */,
			);
			runOnlyForDeploymentPostprocessing = 0;
		};
/* End PBXSourcesBuildPhase section */

/* Begin PBXTargetDependency section */
		BD35FF332755091900B86F36 /* PBXTargetDependency */ = {
			isa = PBXTargetDependency;
			target = BD35FF1A2755091700B86F36 /* MVVMWithUnitTesting */;
			targetProxy = BD35FF322755091900B86F36 /* PBXContainerItemProxy */;
		};
		BD35FF3D2755091900B86F36 /* PBXTargetDependency */ = {
			isa = PBXTargetDependency;
			target = BD35FF1A2755091700B86F36 /* MVVMWithUnitTesting */;
			targetProxy = BD35FF3C2755091900B86F36 /* PBXContainerItemProxy */;
		};
/* End PBXTargetDependency section */

/* Begin PBXVariantGroup section */
		BD35FF242755091700B86F36 /* Main.storyboard */ = {
			isa = PBXVariantGroup;
			children = (
				BD35FF252755091700B86F36 /* Base */,
			);
			name = Main.storyboard;
			sourceTree = "<group>";
		};
		BD35FF292755091900B86F36 /* LaunchScreen.storyboard */ = {
			isa = PBXVariantGroup;
			children = (
				BD35FF2A2755091900B86F36 /* Base */,
			);
			name = LaunchScreen.storyboard;
			sourceTree = "<group>";
		};
/* End PBXVariantGroup section */

/* Begin XCBuildConfiguration section */
		BD35FF432755091900B86F36 /* Debug */ = {
			isa = XCBuildConfiguration;
			buildSettings = {
				ALWAYS_SEARCH_USER_PATHS = NO;
				CLANG_ANALYZER_NONNULL = YES;
				CLANG_ANALYZER_NUMBER_OBJECT_CONVERSION = YES_AGGRESSIVE;
				CLANG_CXX_LANGUAGE_STANDARD = "gnu++17";
				CLANG_CXX_LIBRARY = "libc++";
				CLANG_ENABLE_MODULES = YES;
				CLANG_ENABLE_OBJC_ARC = YES;
				CLANG_ENABLE_OBJC_WEAK = YES;
				CLANG_WARN_BLOCK_CAPTURE_AUTORELEASING = YES;
				CLANG_WARN_BOOL_CONVERSION = YES;
				CLANG_WARN_COMMA = YES;
				CLANG_WARN_CONSTANT_CONVERSION = YES;
				CLANG_WARN_DEPRECATED_OBJC_IMPLEMENTATIONS = YES;
				CLANG_WARN_DIRECT_OBJC_ISA_USAGE = YES_ERROR;
				CLANG_WARN_DOCUMENTATION_COMMENTS = YES;
				CLANG_WARN_EMPTY_BODY = YES;
				CLANG_WARN_ENUM_CONVERSION = YES;
				CLANG_WARN_INFINITE_RECURSION = YES;
				CLANG_WARN_INT_CONVERSION = YES;
				CLANG_WARN_NON_LITERAL_NULL_CONVERSION = YES;
				CLANG_WARN_OBJC_IMPLICIT_RETAIN_SELF = YES;
				CLANG_WARN_OBJC_LITERAL_CONVERSION = YES;
				CLANG_WARN_OBJC_ROOT_CLASS = YES_ERROR;
				CLANG_WARN_QUOTED_INCLUDE_IN_FRAMEWORK_HEADER = YES;
				CLANG_WARN_RANGE_LOOP_ANALYSIS = YES;
				CLANG_WARN_STRICT_PROTOTYPES = YES;
				CLANG_WARN_SUSPICIOUS_MOVE = YES;
				CLANG_WARN_UNGUARDED_AVAILABILITY = YES_AGGRESSIVE;
				CLANG_WARN_UNREACHABLE_CODE = YES;
				CLANG_WARN__DUPLICATE_METHOD_MATCH = YES;
				COPY_PHASE_STRIP = NO;
				DEBUG_INFORMATION_FORMAT = dwarf;
				ENABLE_STRICT_OBJC_MSGSEND = YES;
				ENABLE_TESTABILITY = YES;
				GCC_C_LANGUAGE_STANDARD = gnu11;
				GCC_DYNAMIC_NO_PIC = NO;
				GCC_NO_COMMON_BLOCKS = YES;
				GCC_OPTIMIZATION_LEVEL = 0;
				GCC_PREPROCESSOR_DEFINITIONS = (
					"DEBUG=1",
					"$(inherited)",
				);
				GCC_WARN_64_TO_32_BIT_CONVERSION = YES;
				GCC_WARN_ABOUT_RETURN_TYPE = YES_ERROR;
				GCC_WARN_UNDECLARED_SELECTOR = YES;
				GCC_WARN_UNINITIALIZED_AUTOS = YES_AGGRESSIVE;
				GCC_WARN_UNUSED_FUNCTION = YES;
				GCC_WARN_UNUSED_VARIABLE = YES;
				IPHONEOS_DEPLOYMENT_TARGET = 15.0;
				MTL_ENABLE_DEBUG_INFO = INCLUDE_SOURCE;
				MTL_FAST_MATH = YES;
				ONLY_ACTIVE_ARCH = YES;
				SDKROOT = iphoneos;
				SWIFT_ACTIVE_COMPILATION_CONDITIONS = DEBUG;
				SWIFT_OPTIMIZATION_LEVEL = "-Onone";
			};
			name = Debug;
		};
		BD35FF442755091900B86F36 /* Release */ = {
			isa = XCBuildConfiguration;
			buildSettings = {
				ALWAYS_SEARCH_USER_PATHS = NO;
				CLANG_ANALYZER_NONNULL = YES;
				CLANG_ANALYZER_NUMBER_OBJECT_CONVERSION = YES_AGGRESSIVE;
				CLANG_CXX_LANGUAGE_STANDARD = "gnu++17";
				CLANG_CXX_LIBRARY = "libc++";
				CLANG_ENABLE_MODULES = YES;
				CLANG_ENABLE_OBJC_ARC = YES;
				CLANG_ENABLE_OBJC_WEAK = YES;
				CLANG_WARN_BLOCK_CAPTURE_AUTORELEASING = YES;
				CLANG_WARN_BOOL_CONVERSION = YES;
				CLANG_WARN_COMMA = YES;
				CLANG_WARN_CONSTANT_CONVERSION = YES;
				CLANG_WARN_DEPRECATED_OBJC_IMPLEMENTATIONS = YES;
				CLANG_WARN_DIRECT_OBJC_ISA_USAGE = YES_ERROR;
				CLANG_WARN_DOCUMENTATION_COMMENTS = YES;
				CLANG_WARN_EMPTY_BODY = YES;
				CLANG_WARN_ENUM_CONVERSION = YES;
				CLANG_WARN_INFINITE_RECURSION = YES;
				CLANG_WARN_INT_CONVERSION = YES;
				CLANG_WARN_NON_LITERAL_NULL_CONVERSION = YES;
				CLANG_WARN_OBJC_IMPLICIT_RETAIN_SELF = YES;
				CLANG_WARN_OBJC_LITERAL_CONVERSION = YES;
				CLANG_WARN_OBJC_ROOT_CLASS = YES_ERROR;
				CLANG_WARN_QUOTED_INCLUDE_IN_FRAMEWORK_HEADER = YES;
				CLANG_WARN_RANGE_LOOP_ANALYSIS = YES;
				CLANG_WARN_STRICT_PROTOTYPES = YES;
				CLANG_WARN_SUSPICIOUS_MOVE = YES;
				CLANG_WARN_UNGUARDED_AVAILABILITY = YES_AGGRESSIVE;
				CLANG_WARN_UNREACHABLE_CODE = YES;
				CLANG_WARN__DUPLICATE_METHOD_MATCH = YES;
				COPY_PHASE_STRIP = NO;
				DEBUG_INFORMATION_FORMAT = "dwarf-with-dsym";
				ENABLE_NS_ASSERTIONS = NO;
				ENABLE_STRICT_OBJC_MSGSEND = YES;
				GCC_C_LANGUAGE_STANDARD = gnu11;
				GCC_NO_COMMON_BLOCKS = YES;
				GCC_WARN_64_TO_32_BIT_CONVERSION = YES;
				GCC_WARN_ABOUT_RETURN_TYPE = YES_ERROR;
				GCC_WARN_UNDECLARED_SELECTOR = YES;
				GCC_WARN_UNINITIALIZED_AUTOS = YES_AGGRESSIVE;
				GCC_WARN_UNUSED_FUNCTION = YES;
				GCC_WARN_UNUSED_VARIABLE = YES;
				IPHONEOS_DEPLOYMENT_TARGET = 15.0;
				MTL_ENABLE_DEBUG_INFO = NO;
				MTL_FAST_MATH = YES;
				SDKROOT = iphoneos;
				SWIFT_COMPILATION_MODE = wholemodule;
				SWIFT_OPTIMIZATION_LEVEL = "-O";
				VALIDATE_PRODUCT = YES;
			};
			name = Release;
		};
		BD35FF462755091900B86F36 /* Debug */ = {
			isa = XCBuildConfiguration;
			baseConfigurationReference = 0F398E2B838ADAF0C7ECC0BE /* Pods-MVVMWithUnitTesting.debug.xcconfig */;
			buildSettings = {
				ASSETCATALOG_COMPILER_APPICON_NAME = AppIcon;
				ASSETCATALOG_COMPILER_GLOBAL_ACCENT_COLOR_NAME = AccentColor;
				CODE_SIGN_STYLE = Automatic;
				CURRENT_PROJECT_VERSION = 1;
				DEVELOPMENT_TEAM = ZBLGZ7QQXQ;
				GENERATE_INFOPLIST_FILE = YES;
				INFOPLIST_FILE = "MVVMWithUnitTesting/Supporting Files/Info.plist";
				INFOPLIST_KEY_UIApplicationSupportsIndirectInputEvents = YES;
				INFOPLIST_KEY_UILaunchStoryboardName = LaunchScreen;
				INFOPLIST_KEY_UIMainStoryboardFile = Main;
				INFOPLIST_KEY_UISupportedInterfaceOrientations_iPad = "UIInterfaceOrientationPortrait UIInterfaceOrientationPortraitUpsideDown UIInterfaceOrientationLandscapeLeft UIInterfaceOrientationLandscapeRight";
				INFOPLIST_KEY_UISupportedInterfaceOrientations_iPhone = "UIInterfaceOrientationPortrait UIInterfaceOrientationLandscapeLeft UIInterfaceOrientationLandscapeRight";
				LD_RUNPATH_SEARCH_PATHS = (
					"$(inherited)",
					"@executable_path/Frameworks",
				);
				MARKETING_VERSION = 1.0;
				PRODUCT_BUNDLE_IDENTIFIER = com.simpalm.MVVMWithUnitTesting;
				PRODUCT_NAME = "$(TARGET_NAME)";
				SWIFT_EMIT_LOC_STRINGS = YES;
				SWIFT_VERSION = 5.0;
				TARGETED_DEVICE_FAMILY = "1,2";
			};
			name = Debug;
		};
		BD35FF472755091900B86F36 /* Release */ = {
			isa = XCBuildConfiguration;
			baseConfigurationReference = B5AE5408E34D3421199494BF /* Pods-MVVMWithUnitTesting.release.xcconfig */;
			buildSettings = {
				ASSETCATALOG_COMPILER_APPICON_NAME = AppIcon;
				ASSETCATALOG_COMPILER_GLOBAL_ACCENT_COLOR_NAME = AccentColor;
				CODE_SIGN_STYLE = Automatic;
				CURRENT_PROJECT_VERSION = 1;
				DEVELOPMENT_TEAM = ZBLGZ7QQXQ;
				GENERATE_INFOPLIST_FILE = YES;
				INFOPLIST_FILE = "MVVMWithUnitTesting/Supporting Files/Info.plist";
				INFOPLIST_KEY_UIApplicationSupportsIndirectInputEvents = YES;
				INFOPLIST_KEY_UILaunchStoryboardName = LaunchScreen;
				INFOPLIST_KEY_UIMainStoryboardFile = Main;
				INFOPLIST_KEY_UISupportedInterfaceOrientations_iPad = "UIInterfaceOrientationPortrait UIInterfaceOrientationPortraitUpsideDown UIInterfaceOrientationLandscapeLeft UIInterfaceOrientationLandscapeRight";
				INFOPLIST_KEY_UISupportedInterfaceOrientations_iPhone = "UIInterfaceOrientationPortrait UIInterfaceOrientationLandscapeLeft UIInterfaceOrientationLandscapeRight";
				LD_RUNPATH_SEARCH_PATHS = (
					"$(inherited)",
					"@executable_path/Frameworks",
				);
				MARKETING_VERSION = 1.0;
				PRODUCT_BUNDLE_IDENTIFIER = com.simpalm.MVVMWithUnitTesting;
				PRODUCT_NAME = "$(TARGET_NAME)";
				SWIFT_EMIT_LOC_STRINGS = YES;
				SWIFT_VERSION = 5.0;
				TARGETED_DEVICE_FAMILY = "1,2";
			};
			name = Release;
		};
		BD35FF492755091900B86F36 /* Debug */ = {
			isa = XCBuildConfiguration;
			baseConfigurationReference = 552198F3635EA1EC15B0D735 /* Pods-MVVMWithUnitTestingTests.debug.xcconfig */;
			buildSettings = {
				ALWAYS_EMBED_SWIFT_STANDARD_LIBRARIES = YES;
				BUNDLE_LOADER = "$(TEST_HOST)";
				CODE_SIGN_STYLE = Automatic;
				CURRENT_PROJECT_VERSION = 1;
				DEVELOPMENT_TEAM = ZBLGZ7QQXQ;
				GENERATE_INFOPLIST_FILE = YES;
				IPHONEOS_DEPLOYMENT_TARGET = 15.0;
				LD_RUNPATH_SEARCH_PATHS = (
					"$(inherited)",
					"@executable_path/Frameworks",
					"@loader_path/Frameworks",
				);
				MARKETING_VERSION = 1.0;
				PRODUCT_BUNDLE_IDENTIFIER = com.simpalm.MVVMWithUnitTestingTests;
				PRODUCT_NAME = "$(TARGET_NAME)";
				SWIFT_EMIT_LOC_STRINGS = NO;
				SWIFT_VERSION = 5.0;
				TARGETED_DEVICE_FAMILY = "1,2";
				TEST_HOST = "$(BUILT_PRODUCTS_DIR)/MVVMWithUnitTesting.app/MVVMWithUnitTesting";
			};
			name = Debug;
		};
		BD35FF4A2755091900B86F36 /* Release */ = {
			isa = XCBuildConfiguration;
			baseConfigurationReference = 844F007B02402CF19F38E269 /* Pods-MVVMWithUnitTestingTests.release.xcconfig */;
			buildSettings = {
				ALWAYS_EMBED_SWIFT_STANDARD_LIBRARIES = YES;
				BUNDLE_LOADER = "$(TEST_HOST)";
				CODE_SIGN_STYLE = Automatic;
				CURRENT_PROJECT_VERSION = 1;
				DEVELOPMENT_TEAM = ZBLGZ7QQXQ;
				GENERATE_INFOPLIST_FILE = YES;
				IPHONEOS_DEPLOYMENT_TARGET = 15.0;
				LD_RUNPATH_SEARCH_PATHS = (
					"$(inherited)",
					"@executable_path/Frameworks",
					"@loader_path/Frameworks",
				);
				MARKETING_VERSION = 1.0;
				PRODUCT_BUNDLE_IDENTIFIER = com.simpalm.MVVMWithUnitTestingTests;
				PRODUCT_NAME = "$(TARGET_NAME)";
				SWIFT_EMIT_LOC_STRINGS = NO;
				SWIFT_VERSION = 5.0;
				TARGETED_DEVICE_FAMILY = "1,2";
				TEST_HOST = "$(BUILT_PRODUCTS_DIR)/MVVMWithUnitTesting.app/MVVMWithUnitTesting";
			};
			name = Release;
		};
		BD35FF4C2755091900B86F36 /* Debug */ = {
			isa = XCBuildConfiguration;
			baseConfigurationReference = 4497B3CC523B743D9A8B5BA6 /* Pods-MVVMWithUnitTesting-MVVMWithUnitTestingUITests.debug.xcconfig */;
			buildSettings = {
				ALWAYS_EMBED_SWIFT_STANDARD_LIBRARIES = YES;
				CODE_SIGN_STYLE = Automatic;
				CURRENT_PROJECT_VERSION = 1;
				DEVELOPMENT_TEAM = ZBLGZ7QQXQ;
				GENERATE_INFOPLIST_FILE = YES;
				LD_RUNPATH_SEARCH_PATHS = (
					"$(inherited)",
					"@executable_path/Frameworks",
					"@loader_path/Frameworks",
				);
				MARKETING_VERSION = 1.0;
				PRODUCT_BUNDLE_IDENTIFIER = com.simpalm.MVVMWithUnitTestingUITests;
				PRODUCT_NAME = "$(TARGET_NAME)";
				SWIFT_EMIT_LOC_STRINGS = NO;
				SWIFT_VERSION = 5.0;
				TARGETED_DEVICE_FAMILY = "1,2";
				TEST_TARGET_NAME = MVVMWithUnitTesting;
			};
			name = Debug;
		};
		BD35FF4D2755091900B86F36 /* Release */ = {
			isa = XCBuildConfiguration;
			baseConfigurationReference = DD4DB65C3631591185723519 /* Pods-MVVMWithUnitTesting-MVVMWithUnitTestingUITests.release.xcconfig */;
			buildSettings = {
				ALWAYS_EMBED_SWIFT_STANDARD_LIBRARIES = YES;
				CODE_SIGN_STYLE = Automatic;
				CURRENT_PROJECT_VERSION = 1;
				DEVELOPMENT_TEAM = ZBLGZ7QQXQ;
				GENERATE_INFOPLIST_FILE = YES;
				LD_RUNPATH_SEARCH_PATHS = (
					"$(inherited)",
					"@executable_path/Frameworks",
					"@loader_path/Frameworks",
				);
				MARKETING_VERSION = 1.0;
				PRODUCT_BUNDLE_IDENTIFIER = com.simpalm.MVVMWithUnitTestingUITests;
				PRODUCT_NAME = "$(TARGET_NAME)";
				SWIFT_EMIT_LOC_STRINGS = NO;
				SWIFT_VERSION = 5.0;
				TARGETED_DEVICE_FAMILY = "1,2";
				TEST_TARGET_NAME = MVVMWithUnitTesting;
			};
			name = Release;
		};
/* End XCBuildConfiguration section */

/* Begin XCConfigurationList section */
		BD35FF162755091700B86F36 /* Build configuration list for PBXProject "MVVMWithUnitTesting" */ = {
			isa = XCConfigurationList;
			buildConfigurations = (
				BD35FF432755091900B86F36 /* Debug */,
				BD35FF442755091900B86F36 /* Release */,
			);
			defaultConfigurationIsVisible = 0;
			defaultConfigurationName = Release;
		};
		BD35FF452755091900B86F36 /* Build configuration list for PBXNativeTarget "MVVMWithUnitTesting" */ = {
			isa = XCConfigurationList;
			buildConfigurations = (
				BD35FF462755091900B86F36 /* Debug */,
				BD35FF472755091900B86F36 /* Release */,
			);
			defaultConfigurationIsVisible = 0;
			defaultConfigurationName = Release;
		};
		BD35FF482755091900B86F36 /* Build configuration list for PBXNativeTarget "MVVMWithUnitTestingTests" */ = {
			isa = XCConfigurationList;
			buildConfigurations = (
				BD35FF492755091900B86F36 /* Debug */,
				BD35FF4A2755091900B86F36 /* Release */,
			);
			defaultConfigurationIsVisible = 0;
			defaultConfigurationName = Release;
		};
		BD35FF4B2755091900B86F36 /* Build configuration list for PBXNativeTarget "MVVMWithUnitTestingUITests" */ = {
			isa = XCConfigurationList;
			buildConfigurations = (
				BD35FF4C2755091900B86F36 /* Debug */,
				BD35FF4D2755091900B86F36 /* Release */,
			);
			defaultConfigurationIsVisible = 0;
			defaultConfigurationName = Release;
		};
/* End XCConfigurationList section */
	};
	rootObject = BD35FF132755091700B86F36 /* Project object */;
}
